// !$*UTF8*$!
{
	archiveVersion = 1;
	classes = {
	};
	objectVersion = 48;
	objects = {

/* Begin PBXBuildFile section */
		0401737A2689B81A0095CD43 /* untitled.obj in Resources */ = {isa = PBXBuildFile; fileRef = 040173782689B8190095CD43 /* untitled.obj */; };
		0401737B2689B81A0095CD43 /* untitled.mtl in Resources */ = {isa = PBXBuildFile; fileRef = 040173792689B8190095CD43 /* untitled.mtl */; };
		040B4B3B268C268D003F97F7 /* AppDelegate.swift in Sources */ = {isa = PBXBuildFile; fileRef = D2A5F2201F4A96D0005CD714 /* AppDelegate.swift */; };
		040B4B3E268C268D003F97F7 /* train.obj in Resources */ = {isa = PBXBuildFile; fileRef = 04E7BF092685D55F00D83955 /* train.obj */; };
		040B4B3F268C268D003F97F7 /* untitled.obj in Resources */ = {isa = PBXBuildFile; fileRef = 040173782689B8190095CD43 /* untitled.obj */; };
		040B4B40268C268D003F97F7 /* train.blend in Resources */ = {isa = PBXBuildFile; fileRef = 04E7BF082685D55E00D83955 /* train.blend */; };
		040B4B41268C268D003F97F7 /* Assets.xcassets in Resources */ = {isa = PBXBuildFile; fileRef = D2A5F20A1F4A9144005CD714 /* Assets.xcassets */; };
		040B4B42268C268D003F97F7 /* untitled.mtl in Resources */ = {isa = PBXBuildFile; fileRef = 040173792689B8190095CD43 /* untitled.mtl */; };
		040B4B43268C268D003F97F7 /* train.mtl in Resources */ = {isa = PBXBuildFile; fileRef = 04E7BF062685D55E00D83955 /* train.mtl */; };
		040B4B44268C268D003F97F7 /* LaunchScreen.storyboard in Resources */ = {isa = PBXBuildFile; fileRef = 5C2901821F8F6DE700803663 /* LaunchScreen.storyboard */; };
		040B4B45268C268D003F97F7 /* Main.storyboard in Resources */ = {isa = PBXBuildFile; fileRef = D2A5F2071F4A9144005CD714 /* Main.storyboard */; };
		040B4B46268C268D003F97F7 /* mushroom.obj in Resources */ = {isa = PBXBuildFile; fileRef = 04E7BF052685D55E00D83955 /* mushroom.obj */; };
		040B4B47268C268D003F97F7 /* mushroom.mtl in Resources */ = {isa = PBXBuildFile; fileRef = 04E7BF072685D55E00D83955 /* mushroom.mtl */; };
		040B4B54268C27E1003F97F7 /* Shaders.metal in Sources */ = {isa = PBXBuildFile; fileRef = 040B4B52268C27E1003F97F7 /* Shaders.metal */; };
		040B4B55268C27E1003F97F7 /* ViewController.swift in Sources */ = {isa = PBXBuildFile; fileRef = 040B4B53268C27E1003F97F7 /* ViewController.swift */; };
		04E7BF0A2685D55F00D83955 /* mushroom.obj in Resources */ = {isa = PBXBuildFile; fileRef = 04E7BF052685D55E00D83955 /* mushroom.obj */; };
		04E7BF0B2685D55F00D83955 /* train.mtl in Resources */ = {isa = PBXBuildFile; fileRef = 04E7BF062685D55E00D83955 /* train.mtl */; };
		04E7BF0C2685D55F00D83955 /* mushroom.mtl in Resources */ = {isa = PBXBuildFile; fileRef = 04E7BF072685D55E00D83955 /* mushroom.mtl */; };
		04E7BF0D2685D55F00D83955 /* train.blend in Resources */ = {isa = PBXBuildFile; fileRef = 04E7BF082685D55E00D83955 /* train.blend */; };
		04E7BF0E2685D55F00D83955 /* train.obj in Resources */ = {isa = PBXBuildFile; fileRef = 04E7BF092685D55F00D83955 /* train.obj */; };
		0EA21CAE256EA06700420F46 /* Shaders.metal in Sources */ = {isa = PBXBuildFile; fileRef = 0EA21CAD256EA06700420F46 /* Shaders.metal */; };
		4374F560213C0EC0006ABEA0 /* ViewController.swift in Sources */ = {isa = PBXBuildFile; fileRef = 4374F55F213C0EC0006ABEA0 /* ViewController.swift */; };
		5C2901831F8F6DE700803663 /* LaunchScreen.storyboard in Resources */ = {isa = PBXBuildFile; fileRef = 5C2901821F8F6DE700803663 /* LaunchScreen.storyboard */; };
		D2A5F2091F4A9144005CD714 /* Main.storyboard in Resources */ = {isa = PBXBuildFile; fileRef = D2A5F2071F4A9144005CD714 /* Main.storyboard */; };
		D2A5F20B1F4A9144005CD714 /* Assets.xcassets in Resources */ = {isa = PBXBuildFile; fileRef = D2A5F20A1F4A9144005CD714 /* Assets.xcassets */; };
		D2A5F2211F4A96D0005CD714 /* AppDelegate.swift in Sources */ = {isa = PBXBuildFile; fileRef = D2A5F2201F4A96D0005CD714 /* AppDelegate.swift */; };
/* End PBXBuildFile section */

/* Begin PBXFileReference section */
		040173782689B8190095CD43 /* untitled.obj */ = {isa = PBXFileReference; fileEncoding = 4; lastKnownFileType = text; path = untitled.obj; sourceTree = "<group>"; };
		040173792689B8190095CD43 /* untitled.mtl */ = {isa = PBXFileReference; fileEncoding = 4; lastKnownFileType = text; path = untitled.mtl; sourceTree = "<group>"; };
		040B4B4B268C268D003F97F7 /* 04_coordinate.app */ = {isa = PBXFileReference; explicitFileType = wrapper.application; includeInIndex = 0; path = 04_coordinate.app; sourceTree = BUILT_PRODUCTS_DIR; };
		040B4B4C268C268D003F97F7 /* HelloMetal copy-Info.plist */ = {isa = PBXFileReference; lastKnownFileType = text.plist.xml; name = "HelloMetal copy-Info.plist"; path = "/Users/mac/Documents/my_projects/HelloMetal/HelloMetal copy-Info.plist"; sourceTree = "<absolute>"; };
		040B4B52268C27E1003F97F7 /* Shaders.metal */ = {isa = PBXFileReference; fileEncoding = 4; lastKnownFileType = sourcecode.metal; path = Shaders.metal; sourceTree = "<group>"; };
		040B4B53268C27E1003F97F7 /* ViewController.swift */ = {isa = PBXFileReference; fileEncoding = 4; lastKnownFileType = sourcecode.swift; path = ViewController.swift; sourceTree = "<group>"; };
		04E7BF052685D55E00D83955 /* mushroom.obj */ = {isa = PBXFileReference; fileEncoding = 4; lastKnownFileType = text; name = mushroom.obj; path = "../../../../met-materials/02-3d-models/projects/resources/mushroom.obj"; sourceTree = "<group>"; };
		04E7BF062685D55E00D83955 /* train.mtl */ = {isa = PBXFileReference; fileEncoding = 4; lastKnownFileType = text; name = train.mtl; path = "../../../../met-materials/02-3d-models/projects/resources/train.mtl"; sourceTree = "<group>"; };
		04E7BF072685D55E00D83955 /* mushroom.mtl */ = {isa = PBXFileReference; fileEncoding = 4; lastKnownFileType = text; name = mushroom.mtl; path = "../../../../met-materials/02-3d-models/projects/resources/mushroom.mtl"; sourceTree = "<group>"; };
		04E7BF082685D55E00D83955 /* train.blend */ = {isa = PBXFileReference; lastKnownFileType = file; name = train.blend; path = "../../../../met-materials/02-3d-models/projects/resources/train.blend"; sourceTree = "<group>"; };
		04E7BF092685D55F00D83955 /* train.obj */ = {isa = PBXFileReference; fileEncoding = 4; lastKnownFileType = text; name = train.obj; path = "../../../../met-materials/02-3d-models/projects/resources/train.obj"; sourceTree = "<group>"; };
		0EA21CAD256EA06700420F46 /* Shaders.metal */ = {isa = PBXFileReference; lastKnownFileType = sourcecode.metal; path = Shaders.metal; sourceTree = "<group>"; };
		4374F55F213C0EC0006ABEA0 /* ViewController.swift */ = {isa = PBXFileReference; lastKnownFileType = sourcecode.swift; path = ViewController.swift; sourceTree = "<group>"; };
		5C2901821F8F6DE700803663 /* LaunchScreen.storyboard */ = {isa = PBXFileReference; lastKnownFileType = file.storyboard; path = LaunchScreen.storyboard; sourceTree = "<group>"; };
		D2A5F2001F4A9144005CD714 /* HelloMetal.app */ = {isa = PBXFileReference; explicitFileType = wrapper.application; includeInIndex = 0; path = HelloMetal.app; sourceTree = BUILT_PRODUCTS_DIR; };
		D2A5F2081F4A9144005CD714 /* Base */ = {isa = PBXFileReference; lastKnownFileType = file.storyboard; name = Base; path = Base.lproj/Main.storyboard; sourceTree = "<group>"; };
		D2A5F20A1F4A9144005CD714 /* Assets.xcassets */ = {isa = PBXFileReference; lastKnownFileType = folder.assetcatalog; path = Assets.xcassets; sourceTree = "<group>"; };
		D2A5F20F1F4A9144005CD714 /* Info.plist */ = {isa = PBXFileReference; lastKnownFileType = text.plist.xml; path = Info.plist; sourceTree = "<group>"; };
		D2A5F2201F4A96D0005CD714 /* AppDelegate.swift */ = {isa = PBXFileReference; lastKnownFileType = sourcecode.swift; path = AppDelegate.swift; sourceTree = "<group>"; };
/* End PBXFileReference section */

/* Begin PBXFrameworksBuildPhase section */
		040B4B3C268C268D003F97F7 /* Frameworks */ = {
			isa = PBXFrameworksBuildPhase;
			buildActionMask = 2147483647;
			files = (
			);
			runOnlyForDeploymentPostprocessing = 0;
		};
		D2A5F1FD1F4A9144005CD714 /* Frameworks */ = {
			isa = PBXFrameworksBuildPhase;
			buildActionMask = 2147483647;
			files = (
			);
			runOnlyForDeploymentPostprocessing = 0;
		};
/* End PBXFrameworksBuildPhase section */

/* Begin PBXGroup section */
		040173772689B7E40095CD43 /* 3dmodels */ = {
			isa = PBXGroup;
			children = (
				040173792689B8190095CD43 /* untitled.mtl */,
				040173782689B8190095CD43 /* untitled.obj */,
			);
			path = 3dmodels;
			sourceTree = "<group>";
		};
		040B4B51268C275F003F97F7 /* 04_coordinate */ = {
			isa = PBXGroup;
			children = (
				040B4B52268C27E1003F97F7 /* Shaders.metal */,
				040B4B53268C27E1003F97F7 /* ViewController.swift */,
			);
			path = 04_coordinate;
			sourceTree = "<group>";
		};
		04E7BF042685D53200D83955 /* 02-3d-models */ = {
			isa = PBXGroup;
			children = (
				04E7BF072685D55E00D83955 /* mushroom.mtl */,
				04E7BF052685D55E00D83955 /* mushroom.obj */,
				04E7BF082685D55E00D83955 /* train.blend */,
				04E7BF062685D55E00D83955 /* train.mtl */,
				04E7BF092685D55F00D83955 /* train.obj */,
			);
			name = "02-3d-models";
			sourceTree = "<group>";
		};
		0E33620B2684DB4400D5CB21 /* resource */ = {
			isa = PBXGroup;
			children = (
				040173772689B7E40095CD43 /* 3dmodels */,
				04E7BF042685D53200D83955 /* 02-3d-models */,
			);
			path = resource;
			sourceTree = "<group>";
		};
		D2A5F1F71F4A9143005CD714 = {
			isa = PBXGroup;
			children = (
				040B4B51268C275F003F97F7 /* 04_coordinate */,
				D2A5F2021F4A9144005CD714 /* HelloMetal */,
				D2A5F2011F4A9144005CD714 /* Products */,
				040B4B4C268C268D003F97F7 /* HelloMetal copy-Info.plist */,
			);
			indentWidth = 2;
			sourceTree = "<group>";
			tabWidth = 2;
		};
		D2A5F2011F4A9144005CD714 /* Products */ = {
			isa = PBXGroup;
			children = (
				D2A5F2001F4A9144005CD714 /* HelloMetal.app */,
				040B4B4B268C268D003F97F7 /* 04_coordinate.app */,
			);
			name = Products;
			sourceTree = "<group>";
		};
		D2A5F2021F4A9144005CD714 /* HelloMetal */ = {
			isa = PBXGroup;
			children = (
				0E33620B2684DB4400D5CB21 /* resource */,
				D2A5F2201F4A96D0005CD714 /* AppDelegate.swift */,
				4374F55F213C0EC0006ABEA0 /* ViewController.swift */,
				D2A5F2071F4A9144005CD714 /* Main.storyboard */,
				D2A5F20A1F4A9144005CD714 /* Assets.xcassets */,
				5C2901821F8F6DE700803663 /* LaunchScreen.storyboard */,
				D2A5F20F1F4A9144005CD714 /* Info.plist */,
				0EA21CAD256EA06700420F46 /* Shaders.metal */,
			);
			path = HelloMetal;
			sourceTree = "<group>";
		};
/* End PBXGroup section */

/* Begin PBXNativeTarget section */
		040B4B37268C268D003F97F7 /* 04_coordinate */ = {
			isa = PBXNativeTarget;
			buildConfigurationList = 040B4B48268C268D003F97F7 /* Build configuration list for PBXNativeTarget "04_coordinate" */;
			buildPhases = (
				040B4B38268C268D003F97F7 /* Sources */,
				040B4B3C268C268D003F97F7 /* Frameworks */,
				040B4B3D268C268D003F97F7 /* Resources */,
			);
			buildRules = (
			);
			dependencies = (
			);
			name = 04_coordinate;
			productName = MyRWTutorial;
			productReference = 040B4B4B268C268D003F97F7 /* 04_coordinate.app */;
			productType = "com.apple.product-type.application";
		};
		D2A5F1FF1F4A9144005CD714 /* HelloMetal */ = {
			isa = PBXNativeTarget;
			buildConfigurationList = D2A5F2121F4A9144005CD714 /* Build configuration list for PBXNativeTarget "HelloMetal" */;
			buildPhases = (
				D2A5F1FC1F4A9144005CD714 /* Sources */,
				D2A5F1FD1F4A9144005CD714 /* Frameworks */,
				D2A5F1FE1F4A9144005CD714 /* Resources */,
			);
			buildRules = (
			);
			dependencies = (
			);
			name = HelloMetal;
			productName = MyRWTutorial;
			productReference = D2A5F2001F4A9144005CD714 /* HelloMetal.app */;
			productType = "com.apple.product-type.application";
		};
/* End PBXNativeTarget section */

/* Begin PBXProject section */
		D2A5F1F81F4A9143005CD714 /* Project object */ = {
			isa = PBXProject;
			attributes = {
				LastSwiftUpdateCheck = 0900;
				LastUpgradeCheck = 0940;
				ORGANIZATIONNAME = "Ray Wenderlich";
				TargetAttributes = {
					D2A5F1FF1F4A9144005CD714 = {
						CreatedOnToolsVersion = 9.0;
						LastSwiftMigration = 0900;
					};
				};
			};
			buildConfigurationList = D2A5F1FB1F4A9143005CD714 /* Build configuration list for PBXProject "HelloMetal" */;
			compatibilityVersion = "Xcode 8.0";
			developmentRegion = en;
			hasScannedForEncodings = 0;
			knownRegions = (
				en,
				Base,
			);
			mainGroup = D2A5F1F71F4A9143005CD714;
			productRefGroup = D2A5F2011F4A9144005CD714 /* Products */;
			projectDirPath = "";
			projectRoot = "";
			targets = (
				D2A5F1FF1F4A9144005CD714 /* HelloMetal */,
				040B4B37268C268D003F97F7 /* 04_coordinate */,
			);
		};
/* End PBXProject section */

/* Begin PBXResourcesBuildPhase section */
		040B4B3D268C268D003F97F7 /* Resources */ = {
			isa = PBXResourcesBuildPhase;
			buildActionMask = 2147483647;
			files = (
				040B4B3E268C268D003F97F7 /* train.obj in Resources */,
				040B4B3F268C268D003F97F7 /* untitled.obj in Resources */,
				040B4B40268C268D003F97F7 /* train.blend in Resources */,
				040B4B41268C268D003F97F7 /* Assets.xcassets in Resources */,
				040B4B42268C268D003F97F7 /* untitled.mtl in Resources */,
				040B4B43268C268D003F97F7 /* train.mtl in Resources */,
				040B4B44268C268D003F97F7 /* LaunchScreen.storyboard in Resources */,
				040B4B45268C268D003F97F7 /* Main.storyboard in Resources */,
				040B4B46268C268D003F97F7 /* mushroom.obj in Resources */,
				040B4B47268C268D003F97F7 /* mushroom.mtl in Resources */,
			);
			runOnlyForDeploymentPostprocessing = 0;
		};
		D2A5F1FE1F4A9144005CD714 /* Resources */ = {
			isa = PBXResourcesBuildPhase;
			buildActionMask = 2147483647;
			files = (
				04E7BF0E2685D55F00D83955 /* train.obj in Resources */,
				0401737A2689B81A0095CD43 /* untitled.obj in Resources */,
				04E7BF0D2685D55F00D83955 /* train.blend in Resources */,
				D2A5F20B1F4A9144005CD714 /* Assets.xcassets in Resources */,
				0401737B2689B81A0095CD43 /* untitled.mtl in Resources */,
				04E7BF0B2685D55F00D83955 /* train.mtl in Resources */,
				5C2901831F8F6DE700803663 /* LaunchScreen.storyboard in Resources */,
				D2A5F2091F4A9144005CD714 /* Main.storyboard in Resources */,
				04E7BF0A2685D55F00D83955 /* mushroom.obj in Resources */,
				04E7BF0C2685D55F00D83955 /* mushroom.mtl in Resources */,
			);
			runOnlyForDeploymentPostprocessing = 0;
		};
/* End PBXResourcesBuildPhase section */

/* Begin PBXSourcesBuildPhase section */
		040B4B38268C268D003F97F7 /* Sources */ = {
			isa = PBXSourcesBuildPhase;
			buildActionMask = 2147483647;
			files = (
				040B4B55268C27E1003F97F7 /* ViewController.swift in Sources */,
				040B4B54268C27E1003F97F7 /* Shaders.metal in Sources */,
				040B4B3B268C268D003F97F7 /* AppDelegate.swift in Sources */,
			);
			runOnlyForDeploymentPostprocessing = 0;
		};
		D2A5F1FC1F4A9144005CD714 /* Sources */ = {
			isa = PBXSourcesBuildPhase;
			buildActionMask = 2147483647;
			files = (
				0EA21CAE256EA06700420F46 /* Shaders.metal in Sources */,
				4374F560213C0EC0006ABEA0 /* ViewController.swift in Sources */,
				D2A5F2211F4A96D0005CD714 /* AppDelegate.swift in Sources */,
			);
			runOnlyForDeploymentPostprocessing = 0;
		};
/* End PBXSourcesBuildPhase section */

/* Begin PBXVariantGroup section */
		D2A5F2071F4A9144005CD714 /* Main.storyboard */ = {
			isa = PBXVariantGroup;
			children = (
				D2A5F2081F4A9144005CD714 /* Base */,
			);
			name = Main.storyboard;
			sourceTree = "<group>";
		};
/* End PBXVariantGroup section */

/* Begin XCBuildConfiguration section */
		040B4B49268C268D003F97F7 /* Debug */ = {
			isa = XCBuildConfiguration;
			buildSettings = {
				ASSETCATALOG_COMPILER_APPICON_NAME = AppIcon;
				CLANG_ENABLE_MODULES = YES;
				DEVELOPMENT_TEAM = 5UJS95K6P9;
				INFOPLIST_FILE = "HelloMetal copy-Info.plist";
				IPHONEOS_DEPLOYMENT_TARGET = 13.0;
				LD_RUNPATH_SEARCH_PATHS = "$(inherited) @executable_path/Frameworks";
				PRODUCT_BUNDLE_IDENTIFIER = com.studio501.hm;
				PRODUCT_NAME = "$(TARGET_NAME)";
				SWIFT_OPTIMIZATION_LEVEL = "-Onone";
				SWIFT_VERSION = 5.0;
				TARGETED_DEVICE_FAMILY = 1;
			};
			name = Debug;
		};
		040B4B4A268C268D003F97F7 /* Release */ = {
			isa = XCBuildConfiguration;
			buildSettings = {
				ASSETCATALOG_COMPILER_APPICON_NAME = AppIcon;
				CLANG_ENABLE_MODULES = YES;
				DEVELOPMENT_TEAM = 5UJS95K6P9;
				INFOPLIST_FILE = "HelloMetal copy-Info.plist";
				IPHONEOS_DEPLOYMENT_TARGET = 13.0;
				LD_RUNPATH_SEARCH_PATHS = "$(inherited) @executable_path/Frameworks";
				PRODUCT_BUNDLE_IDENTIFIER = com.studio501.hm;
				PRODUCT_NAME = "$(TARGET_NAME)";
				SWIFT_VERSION = 5.0;
				TARGETED_DEVICE_FAMILY = 1;
			};
			name = Release;
		};
		D2A5F2101F4A9144005CD714 /* Debug */ = {
			isa = XCBuildConfiguration;
			buildSettings = {
				ALWAYS_SEARCH_USER_PATHS = NO;
				CLANG_ANALYZER_NONNULL = YES;
				CLANG_ANALYZER_NUMBER_OBJECT_CONVERSION = YES_AGGRESSIVE;
				CLANG_CXX_LANGUAGE_STANDARD = "gnu++14";
				CLANG_CXX_LIBRARY = "libc++";
				CLANG_ENABLE_MODULES = YES;
				CLANG_ENABLE_OBJC_ARC = YES;
				CLANG_WARN_BLOCK_CAPTURE_AUTORELEASING = YES;
				CLANG_WARN_BOOL_CONVERSION = YES;
				CLANG_WARN_COMMA = YES;
				CLANG_WARN_CONSTANT_CONVERSION = YES;
				CLANG_WARN_DEPRECATED_OBJC_IMPLEMENTATIONS = YES;
				CLANG_WARN_DIRECT_OBJC_ISA_USAGE = YES_ERROR;
				CLANG_WARN_DOCUMENTATION_COMMENTS = YES;
				CLANG_WARN_EMPTY_BODY = YES;
				CLANG_WARN_ENUM_CONVERSION = YES;
				CLANG_WARN_INFINITE_RECURSION = YES;
				CLANG_WARN_INT_CONVERSION = YES;
				CLANG_WARN_NON_LITERAL_NULL_CONVERSION = YES;
				CLANG_WARN_OBJC_IMPLICIT_RETAIN_SELF = YES;
				CLANG_WARN_OBJC_LITERAL_CONVERSION = YES;
				CLANG_WARN_OBJC_ROOT_CLASS = YES_ERROR;
				CLANG_WARN_RANGE_LOOP_ANALYSIS = YES;
				CLANG_WARN_STRICT_PROTOTYPES = YES;
				CLANG_WARN_SUSPICIOUS_MOVE = YES;
				CLANG_WARN_UNGUARDED_AVAILABILITY = YES_AGGRESSIVE;
				CLANG_WARN_UNREACHABLE_CODE = YES;
				CLANG_WARN__DUPLICATE_METHOD_MATCH = YES;
				CODE_SIGN_IDENTITY = "iPhone Developer";
				COPY_PHASE_STRIP = NO;
				DEBUG_INFORMATION_FORMAT = dwarf;
				ENABLE_STRICT_OBJC_MSGSEND = YES;
				ENABLE_TESTABILITY = YES;
				GCC_C_LANGUAGE_STANDARD = gnu11;
				GCC_DYNAMIC_NO_PIC = NO;
				GCC_NO_COMMON_BLOCKS = YES;
				GCC_OPTIMIZATION_LEVEL = 0;
				GCC_PREPROCESSOR_DEFINITIONS = (
					"DEBUG=1",
					"$(inherited)",
				);
				GCC_WARN_64_TO_32_BIT_CONVERSION = YES;
				GCC_WARN_ABOUT_RETURN_TYPE = YES_ERROR;
				GCC_WARN_UNDECLARED_SELECTOR = YES;
				GCC_WARN_UNINITIALIZED_AUTOS = YES_AGGRESSIVE;
				GCC_WARN_UNUSED_FUNCTION = YES;
				GCC_WARN_UNUSED_VARIABLE = YES;
				IPHONEOS_DEPLOYMENT_TARGET = 13.0;
				MTL_ENABLE_DEBUG_INFO = YES;
				ONLY_ACTIVE_ARCH = YES;
				SDKROOT = iphoneos;
				SWIFT_ACTIVE_COMPILATION_CONDITIONS = DEBUG;
				SWIFT_OPTIMIZATION_LEVEL = "-Onone";
			};
			name = Debug;
		};
		D2A5F2111F4A9144005CD714 /* Release */ = {
			isa = XCBuildConfiguration;
			buildSettings = {
				ALWAYS_SEARCH_USER_PATHS = NO;
				CLANG_ANALYZER_NONNULL = YES;
				CLANG_ANALYZER_NUMBER_OBJECT_CONVERSION = YES_AGGRESSIVE;
				CLANG_CXX_LANGUAGE_STANDARD = "gnu++14";
				CLANG_CXX_LIBRARY = "libc++";
				CLANG_ENABLE_MODULES = YES;
				CLANG_ENABLE_OBJC_ARC = YES;
				CLANG_WARN_BLOCK_CAPTURE_AUTORELEASING = YES;
				CLANG_WARN_BOOL_CONVERSION = YES;
				CLANG_WARN_COMMA = YES;
				CLANG_WARN_CONSTANT_CONVERSION = YES;
				CLANG_WARN_DEPRECATED_OBJC_IMPLEMENTATIONS = YES;
				CLANG_WARN_DIRECT_OBJC_ISA_USAGE = YES_ERROR;
				CLANG_WARN_DOCUMENTATION_COMMENTS = YES;
				CLANG_WARN_EMPTY_BODY = YES;
				CLANG_WARN_ENUM_CONVERSION = YES;
				CLANG_WARN_INFINITE_RECURSION = YES;
				CLANG_WARN_INT_CONVERSION = YES;
				CLANG_WARN_NON_LITERAL_NULL_CONVERSION = YES;
				CLANG_WARN_OBJC_IMPLICIT_RETAIN_SELF = YES;
				CLANG_WARN_OBJC_LITERAL_CONVERSION = YES;
				CLANG_WARN_OBJC_ROOT_CLASS = YES_ERROR;
				CLANG_WARN_RANGE_LOOP_ANALYSIS = YES;
				CLANG_WARN_STRICT_PROTOTYPES = YES;
				CLANG_WARN_SUSPICIOUS_MOVE = YES;
				CLANG_WARN_UNGUARDED_AVAILABILITY = YES_AGGRESSIVE;
				CLANG_WARN_UNREACHABLE_CODE = YES;
				CLANG_WARN__DUPLICATE_METHOD_MATCH = YES;
				CODE_SIGN_IDENTITY = "iPhone Developer";
				COPY_PHASE_STRIP = NO;
				DEBUG_INFORMATION_FORMAT = "dwarf-with-dsym";
				ENABLE_NS_ASSERTIONS = NO;
				ENABLE_STRICT_OBJC_MSGSEND = YES;
				GCC_C_LANGUAGE_STANDARD = gnu11;
				GCC_NO_COMMON_BLOCKS = YES;
				GCC_WARN_64_TO_32_BIT_CONVERSION = YES;
				GCC_WARN_ABOUT_RETURN_TYPE = YES_ERROR;
				GCC_WARN_UNDECLARED_SELECTOR = YES;
				GCC_WARN_UNINITIALIZED_AUTOS = YES_AGGRESSIVE;
				GCC_WARN_UNUSED_FUNCTION = YES;
				GCC_WARN_UNUSED_VARIABLE = YES;
				IPHONEOS_DEPLOYMENT_TARGET = 13.0;
				MTL_ENABLE_DEBUG_INFO = NO;
				SDKROOT = iphoneos;
				SWIFT_OPTIMIZATION_LEVEL = "-Owholemodule";
				VALIDATE_PRODUCT = YES;
			};
			name = Release;
		};
		D2A5F2131F4A9144005CD714 /* Debug */ = {
			isa = XCBuildConfiguration;
			buildSettings = {
				ASSETCATALOG_COMPILER_APPICON_NAME = AppIcon;
				CLANG_ENABLE_MODULES = YES;
				DEVELOPMENT_TEAM = 5UJS95K6P9;
				INFOPLIST_FILE = "$(SRCROOT)/HelloMetal/Info.plist";
				IPHONEOS_DEPLOYMENT_TARGET = 13.0;
				LD_RUNPATH_SEARCH_PATHS = "$(inherited) @executable_path/Frameworks";
				PRODUCT_BUNDLE_IDENTIFIER = com.studio501.hm;
				PRODUCT_NAME = "$(TARGET_NAME)";
				SWIFT_OPTIMIZATION_LEVEL = "-Onone";
				SWIFT_VERSION = 5.0;
				TARGETED_DEVICE_FAMILY = 1;
			};
			name = Debug;
		};
		D2A5F2141F4A9144005CD714 /* Release */ = {
			isa = XCBuildConfiguration;
			buildSettings = {
				ASSETCATALOG_COMPILER_APPICON_NAME = AppIcon;
				CLANG_ENABLE_MODULES = YES;
				DEVELOPMENT_TEAM = 5UJS95K6P9;
				INFOPLIST_FILE = "$(SRCROOT)/HelloMetal/Info.plist";
				IPHONEOS_DEPLOYMENT_TARGET = 13.0;
				LD_RUNPATH_SEARCH_PATHS = "$(inherited) @executable_path/Frameworks";
				PRODUCT_BUNDLE_IDENTIFIER = com.studio501.hm;
				PRODUCT_NAME = "$(TARGET_NAME)";
				SWIFT_VERSION = 5.0;
				TARGETED_DEVICE_FAMILY = 1;
			};
			name = Release;
		};
/* End XCBuildConfiguration section */

/* Begin XCConfigurationList section */
		040B4B48268C268D003F97F7 /* Build configuration list for PBXNativeTarget "04_coordinate" */ = {
			isa = XCConfigurationList;
			buildConfigurations = (
				040B4B49268C268D003F97F7 /* Debug */,
				040B4B4A268C268D003F97F7 /* Release */,
			);
			defaultConfigurationIsVisible = 0;
			defaultConfigurationName = Release;
		};
		D2A5F1FB1F4A9143005CD714 /* Build configuration list for PBXProject "HelloMetal" */ = {
			isa = XCConfigurationList;
			buildConfigurations = (
				D2A5F2101F4A9144005CD714 /* Debug */,
				D2A5F2111F4A9144005CD714 /* Release */,
			);
			defaultConfigurationIsVisible = 0;
			defaultConfigurationName = Release;
		};
		D2A5F2121F4A9144005CD714 /* Build configuration list for PBXNativeTarget "HelloMetal" */ = {
			isa = XCConfigurationList;
			buildConfigurations = (
				D2A5F2131F4A9144005CD714 /* Debug */,
				D2A5F2141F4A9144005CD714 /* Release */,
			);
			defaultConfigurationIsVisible = 0;
			defaultConfigurationName = Release;
		};
/* End XCConfigurationList section */
	};
	rootObject = D2A5F1F81F4A9143005CD714 /* Project object */;
}
